<?xml version="1.0" encoding="UTF-8"?>
<CodeBlocks_project_file>
	<FileVersion major="1" minor="6"/>
	<Project>
		<Option title="Client_udp"/>
		<Option makefile_is_custom="1"/>
		<Option compiler="gcc"/>
		<Option virtualFolders="CMake Files\;"/>
		<Build>
			<Target title="all">
				<Option working_dir="/home/leonard/QtProjects/leostun/Client_udp/build-Client_udp-Desktop-Default"/>
				<Option type="4"/>
				<MakeCommands>
					<Build command="/usr/bin/make -j4 -f &quot;/home/leonard/QtProjects/leostun/Client_udp/build-Client_udp-Desktop-Default/Makefile&quot;  VERBOSE=1 all"/>
					<CompileFile command="/usr/bin/make -j4 -f &quot;/home/leonard/QtProjects/leostun/Client_udp/build-Client_udp-Desktop-Default/Makefile&quot;  VERBOSE=1 &quot;$file&quot;"/>
					<Clean command="/usr/bin/make -j4 -f &quot;/home/leonard/QtProjects/leostun/Client_udp/build-Client_udp-Desktop-Default/Makefile&quot;  VERBOSE=1 clean"/>
					<DistClean command="/usr/bin/make -j4 -f &quot;/home/leonard/QtProjects/leostun/Client_udp/build-Client_udp-Desktop-Default/Makefile&quot;  VERBOSE=1 clean"/>
				</MakeCommands>
			</Target>
			<Target title="edit_cache">
				<Option working_dir="/home/leonard/QtProjects/leostun/Client_udp/build-Client_udp-Desktop-Default"/>
				<Option type="4"/>
				<MakeCommands>
					<Build command="/usr/bin/make -j4 -f &quot;/home/leonard/QtProjects/leostun/Client_udp/build-Client_udp-Desktop-Default/Makefile&quot;  VERBOSE=1 edit_cache"/>
					<CompileFile command="/usr/bin/make -j4 -f &quot;/home/leonard/QtProjects/leostun/Client_udp/build-Client_udp-Desktop-Default/Makefile&quot;  VERBOSE=1 &quot;$file&quot;"/>
					<Clean command="/usr/bin/make -j4 -f &quot;/home/leonard/QtProjects/leostun/Client_udp/build-Client_udp-Desktop-Default/Makefile&quot;  VERBOSE=1 clean"/>
					<DistClean command="/usr/bin/make -j4 -f &quot;/home/leonard/QtProjects/leostun/Client_udp/build-Client_udp-Desktop-Default/Makefile&quot;  VERBOSE=1 clean"/>
				</MakeCommands>
			</Target>
			<Target title="rebuild_cache">
				<Option working_dir="/home/leonard/QtProjects/leostun/Client_udp/build-Client_udp-Desktop-Default"/>
				<Option type="4"/>
				<MakeCommands>
					<Build command="/usr/bin/make -j4 -f &quot;/home/leonard/QtProjects/leostun/Client_udp/build-Client_udp-Desktop-Default/Makefile&quot;  VERBOSE=1 rebuild_cache"/>
					<CompileFile command="/usr/bin/make -j4 -f &quot;/home/leonard/QtProjects/leostun/Client_udp/build-Client_udp-Desktop-Default/Makefile&quot;  VERBOSE=1 &quot;$file&quot;"/>
					<Clean command="/usr/bin/make -j4 -f &quot;/home/leonard/QtProjects/leostun/Client_udp/build-Client_udp-Desktop-Default/Makefile&quot;  VERBOSE=1 clean"/>
					<DistClean command="/usr/bin/make -j4 -f &quot;/home/leonard/QtProjects/leostun/Client_udp/build-Client_udp-Desktop-Default/Makefile&quot;  VERBOSE=1 clean"/>
				</MakeCommands>
			</Target>
			<Target title="Client_udp">
				<Option output="/home/leonard/QtProjects/leostun/Client_udp/build-Client_udp-Desktop-Default/Client_udp" prefix_auto="0" extension_auto="0"/>
				<Option working_dir="/home/leonard/QtProjects/leostun/Client_udp/build-Client_udp-Desktop-Default"/>
				<Option object_output="./"/>
				<Option type="1"/>
				<Option compiler="gcc"/>
				<Compiler>
					<Add directory="/usr/lib/gcc/x86_64-pc-linux-gnu/6.1.1/include"/>
					<Add directory="/usr/local/include"/>
					<Add directory="/usr/lib/gcc/x86_64-pc-linux-gnu/6.1.1/include-fixed"/>
					<Add directory="/usr/include"/>
					<Add directory="/usr/lib/gcc/x86_64-pc-linux-gnu/6.1.1/../../../../include/c++/6.1.1"/>
					<Add directory="/usr/lib/gcc/x86_64-pc-linux-gnu/6.1.1/../../../../include/c++/6.1.1/x86_64-pc-linux-gnu"/>
					<Add directory="/usr/lib/gcc/x86_64-pc-linux-gnu/6.1.1/../../../../include/c++/6.1.1/backward"/>
				</Compiler>
				<MakeCommands>
					<Build command="/usr/bin/make -j4 -f &quot;/home/leonard/QtProjects/leostun/Client_udp/build-Client_udp-Desktop-Default/Makefile&quot;  VERBOSE=1 Client_udp"/>
					<CompileFile command="/usr/bin/make -j4 -f &quot;/home/leonard/QtProjects/leostun/Client_udp/build-Client_udp-Desktop-Default/Makefile&quot;  VERBOSE=1 &quot;$file&quot;"/>
					<Clean command="/usr/bin/make -j4 -f &quot;/home/leonard/QtProjects/leostun/Client_udp/build-Client_udp-Desktop-Default/Makefile&quot;  VERBOSE=1 clean"/>
					<DistClean command="/usr/bin/make -j4 -f &quot;/home/leonard/QtProjects/leostun/Client_udp/build-Client_udp-Desktop-Default/Makefile&quot;  VERBOSE=1 clean"/>
				</MakeCommands>
			</Target>
			<Target title="Client_udp/fast">
				<Option output="/home/leonard/QtProjects/leostun/Client_udp/build-Client_udp-Desktop-Default/Client_udp" prefix_auto="0" extension_auto="0"/>
				<Option working_dir="/home/leonard/QtProjects/leostun/Client_udp/build-Client_udp-Desktop-Default"/>
				<Option object_output="./"/>
				<Option type="1"/>
				<Option compiler="gcc"/>
				<Compiler>
					<Add directory="/usr/lib/gcc/x86_64-pc-linux-gnu/6.1.1/include"/>
					<Add directory="/usr/local/include"/>
					<Add directory="/usr/lib/gcc/x86_64-pc-linux-gnu/6.1.1/include-fixed"/>
					<Add directory="/usr/include"/>
					<Add directory="/usr/lib/gcc/x86_64-pc-linux-gnu/6.1.1/../../../../include/c++/6.1.1"/>
					<Add directory="/usr/lib/gcc/x86_64-pc-linux-gnu/6.1.1/../../../../include/c++/6.1.1/x86_64-pc-linux-gnu"/>
					<Add directory="/usr/lib/gcc/x86_64-pc-linux-gnu/6.1.1/../../../../include/c++/6.1.1/backward"/>
				</Compiler>
				<MakeCommands>
					<Build command="/usr/bin/make -j4 -f &quot;/home/leonard/QtProjects/leostun/Client_udp/build-Client_udp-Desktop-Default/Makefile&quot;  VERBOSE=1 Client_udp/fast"/>
					<CompileFile command="/usr/bin/make -j4 -f &quot;/home/leonard/QtProjects/leostun/Client_udp/build-Client_udp-Desktop-Default/Makefile&quot;  VERBOSE=1 &quot;$file&quot;"/>
					<Clean command="/usr/bin/make -j4 -f &quot;/home/leonard/QtProjects/leostun/Client_udp/build-Client_udp-Desktop-Default/Makefile&quot;  VERBOSE=1 clean"/>
					<DistClean command="/usr/bin/make -j4 -f &quot;/home/leonard/QtProjects/leostun/Client_udp/build-Client_udp-Desktop-Default/Makefile&quot;  VERBOSE=1 clean"/>
				</MakeCommands>
			</Target>
		</Build>
		<Unit filename="/home/leonard/QtProjects/leostun/Client_udp/leostun_c.c">
			<Option target="Client_udp"/>
		</Unit>
		<Unit filename="/home/leonard/QtProjects/leostun/Client_udp/leostun_c.h">
			<Option target="Client_udp"/>
		</Unit>
		<Unit filename="/home/leonard/QtProjects/leostun/Client_udp/main.c">
			<Option target="Client_udp"/>
		</Unit>
		<Unit filename="/home/leonard/QtProjects/leostun/Client_udp/CMakeLists.txt">
			<Option virtualFolder="CMake Files\"/>
		</Unit>
	</Project>
</CodeBlocks_project_file>
